{
  "version": "4",
  "specifiers": {
    "npm:mustache@^4.2.0": "4.2.0"
  },
  "npm": {
    "mustache@4.2.0": {
      "integrity": "sha512-71ippSywq5Yb7/tVYyGbkBggbU8H3u5Rz56fH60jGFgr8uHwxs+aSKeqmluIVzM0m0kB7xQjKS6qPfd0b2ZoqQ=="
    }
  },
  "workspace": {
    "packageJson": {
      "dependencies": [
        "npm:mustache@^4.2.0"
      ]
    }
  }
}
